{
    "_readme": [
        "This file locks the dependencies of your project to a known state",
        "Read more about it at https://getcomposer.org/doc/01-basic-usage.md#installing-dependencies",
        "This file is @generated automatically"
    ],
    "content-hash": "dc07f6e46c8dbc70b1554c0822da4b8e",
    "packages": [
        {
            "name": "digitalstars/simplevk",
            "version": "dev-testing",
            "source": {
                "type": "git",
                "url": "https://github.com/digitalstars/simplevk.git",
                "reference": "f59384fcd43886f8fce1aca4bcf5e98c218e16ee"
            },
            "dist": {
                "type": "zip",
                "url": "https://api.github.com/repos/digitalstars/simplevk/zipball/f59384fcd43886f8fce1aca4bcf5e98c218e16ee",
                "reference": "f59384fcd43886f8fce1aca4bcf5e98c218e16ee",
                "shasum": ""
            },
            "require": {
                "ext-curl": "*",
                "ext-fileinfo": "*",
                "ext-iconv": "*",
                "ext-json": "*",
                "ext-mbstring": "*",
                "ext-pcntl": "*",
                "ext-posix": "*",
                "php": ">=7.0"
            },
            "type": "library",
            "autoload": {
                "psr-4": {
                    "DigitalStars\\SimpleVK\\": "src/"
                }
            },
            "notification-url": "https://packagist.org/downloads/",
            "license": [
                "MIT"
            ],
            "authors": [
                {
                    "name": "ZeRoX",
                    "email": "as234zx15@yandex.ru"
                },
                {
                    "name": "Runnin",
                    "email": "mr.kirilll12@mail.ru"
                }
            ],
            "description": "Library for easy work with VK com api",
            "support": {
                "issues": "https://github.com/digitalstars/simplevk/issues",
                "source": "https://github.com/digitalstars/simplevk/tree/testing"
            },
            "time": "2023-01-29T17:35:10+00:00"
        },
        {
            "name": "jarne/querylibrary",
            "version": "1.1.3",
            "source": {
                "type": "git",
                "url": "https://github.com/jarne/QueryLibrary.git",
                "reference": "69312da78429042f41650e9ca4e807b54429a39e"
            },
            "dist": {
                "type": "zip",
                "url": "https://api.github.com/repos/jarne/QueryLibrary/zipball/69312da78429042f41650e9ca4e807b54429a39e",
                "reference": "69312da78429042f41650e9ca4e807b54429a39e",
                "shasum": ""
            },
            "require": {
                "php": ">=7.2"
            },
            "require-dev": {
                "phpunit/phpunit": "^8.1"
            },
            "type": "library",
            "autoload": {
                "psr-0": {
                    "jarne\\querylibrary": "src/"
                }
            },
            "notification-url": "https://packagist.org/downloads/",
            "license": [
                "MIT"
            ],
            "authors": [
                {
                    "name": "Jarne",
                    "homepage": "https://github.com/jarne",
                    "role": "Developer"
                }
            ],
            "description": "A library to fetch the query information of Minecraft: Bedrock Edition servers",
            "homepage": "https://github.com/jarne/QueryLibrary",
            "keywords": [
                "library",
                "minecraft",
                "player",
                "pocketmine-mp",
                "query"
            ],
            "support": {
                "issues": "https://github.com/jarne/QueryLibrary/issues",
                "source": "https://github.com/jarne/QueryLibrary"
            },
            "time": "2019-04-20T12:17:12+00:00"
        }
    ],
    "packages-dev": [],
    "aliases": [],
    "minimum-stability": "stable",
    "stability-flags": {
        "digitalstars/simplevk": 20
    },
    "prefer-stable": false,
    "prefer-lowest": false,
    "platform": [],
    "platform-dev": [],
    "plugin-api-version": "2.3.0"
}
