{
    "_readme": [
        "This file locks the dependencies of your project to a known state",
        "Read more about it at https://getcomposer.org/doc/01-basic-usage.md#installing-dependencies",
        "This file is @generated automatically"
    ],
    "content-hash": "ff566529e8a8d976e117c6238f3679dc",
    "packages": [
        {
            "name": "digitalstars/simplevk",
            "version": "v2.14.1",
            "source": {
                "type": "git",
                "url": "https://github.com/digitalstars/simplevk.git",
                "reference": "bd5e0f6e52795006ca33355f8e9c847360dd0b21"
            },
            "dist": {
                "type": "zip",
                "url": "https://api.github.com/repos/digitalstars/simplevk/zipball/bd5e0f6e52795006ca33355f8e9c847360dd0b21",
                "reference": "bd5e0f6e52795006ca33355f8e9c847360dd0b21",
                "shasum": ""
            },
            "require": {
                "ext-curl": "*",
                "ext-json": "*",
                "php": ">=5.6"
            },
            "type": "library",
            "autoload": {
                "psr-4": {
                    "DigitalStar\\vk_api\\": "src/"
                }
            },
            "notification-url": "https://packagist.org/downloads/",
            "license": [
                "MIT"
            ],
            "authors": [
                {
                    "name": "ZeRoX",
                    "email": "as234zx15@yandex.ru"
                },
                {
                    "name": "Runnin",
                    "email": "mr.kirilll12@mail.ru"
                }
            ],
            "description": "Library for easy work with VK com api",
            "support": {
                "issues": "https://github.com/digitalstars/simplevk/issues",
                "source": "https://github.com/digitalstars/simplevk/tree/v3.0.0-beta.3"
            },
            "time": "2021-06-17T10:13:20+00:00"
        },
        {
            "name": "jarne/querylibrary",
            "version": "1.1.3",
            "source": {
                "type": "git",
                "url": "https://github.com/jarne/QueryLibrary.git",
                "reference": "69312da78429042f41650e9ca4e807b54429a39e"
            },
            "dist": {
                "type": "zip",
                "url": "https://api.github.com/repos/jarne/QueryLibrary/zipball/69312da78429042f41650e9ca4e807b54429a39e",
                "reference": "69312da78429042f41650e9ca4e807b54429a39e",
                "shasum": ""
            },
            "require": {
                "php": ">=7.2"
            },
            "require-dev": {
                "phpunit/phpunit": "^8.1"
            },
            "type": "library",
            "autoload": {
                "psr-0": {
                    "jarne\\querylibrary": "src/"
                }
            },
            "notification-url": "https://packagist.org/downloads/",
            "license": [
                "MIT"
            ],
            "authors": [
                {
                    "name": "Jarne",
                    "homepage": "https://github.com/jarne",
                    "role": "Developer"
                }
            ],
            "description": "A library to fetch the query information of Minecraft: Bedrock Edition servers",
            "homepage": "https://github.com/jarne/QueryLibrary",
            "keywords": [
                "library",
                "minecraft",
                "player",
                "pocketmine-mp",
                "query"
            ],
            "support": {
                "issues": "https://github.com/jarne/QueryLibrary/issues",
                "source": "https://github.com/jarne/QueryLibrary"
            },
            "time": "2019-04-20T12:17:12+00:00"
        }
    ],
    "packages-dev": [],
    "aliases": [],
    "minimum-stability": "stable",
    "stability-flags": [],
    "prefer-stable": false,
    "prefer-lowest": false,
    "platform": [],
    "platform-dev": [],
    "plugin-api-version": "2.3.0"
}
